{
  "name": "mirai",
  "version": "1.0.0",
  "lockfileVersion": 3,
  "requires": true,
  "packages": {
    "": {
      "name": "mirai",
      "version": "1.0.0",
      "license": "MIT",
      "devDependencies": {
        "@tsconfig/bun": "^1.0.10"
      }
    },
    "node_modules/@tsconfig/bun": {
      "version": "1.0.10",
      "resolved": "https://registry.npmjs.org/@tsconfig/bun/-/bun-1.0.10.tgz",
      "integrity": "sha512-5AV5YknQjNyoYzZ/8NG0dawqew/wH+x7ANiCfCIn29qo0cdbd1EryvFD1k5NSZWLBMOI/fGqMIaxi58GPIP9Cg==",
      "dev": true,
      "license": "MIT"
    }
  }
}
